
Microsoft Visual Studio Solution File, Format Version 12.00
# Visual Studio Version 17
VisualStudioVersion = 17.14.36408.4 d17.14
MinimumVisualStudioVersion = 10.0.40219.1
Project("{FAE04EC0-301F-11D3-BF4B-00C04F79EFBC}") = "WebsitePractice", "WebsitePractice\WebsitePractice.csproj", "{CD8C80BB-283A-44DD-9CEC-E340909EEA9F}"
EndProject
Global
	GlobalSection(SolutionConfigurationPlatforms) = preSolution
		Debug|Any CPU = Debug|Any CPU
		Release|Any CPU = Release|Any CPU
	EndGlobalSection
	GlobalSection(ProjectConfigurationPlatforms) = postSolution
		{CD8C80BB-283A-44DD-9CEC-E340909EEA9F}.Debug|Any CPU.ActiveCfg = Debug|Any CPU
		{CD8C80BB-283A-44DD-9CEC-E340909EEA9F}.Debug|Any CPU.Build.0 = Debug|Any CPU
		{CD8C80BB-283A-44DD-9CEC-E340909EEA9F}.Release|Any CPU.ActiveCfg = Release|Any CPU
		{CD8C80BB-283A-44DD-9CEC-E340909EEA9F}.Release|Any CPU.Build.0 = Release|Any CPU
	EndGlobalSection
	GlobalSection(SolutionProperties) = preSolution
		HideSolutionNode = FALSE
	EndGlobalSection
	GlobalSection(ExtensibilityGlobals) = postSolution
		SolutionGuid = {B33EE03B-BFA0-42BF-B0EF-B2012A5BB65E}
	EndGlobalSection
EndGlobal
